
Microsoft Visual Studio Solution File, Format Version 12.00
# Visual Studio Version 17
VisualStudioVersion = 17.2.32526.322
MinimumVisualStudioVersion = 10.0.40219.1
Project("{9A19103F-16F7-4668-BE54-9A1E7A4F7556}") = "MVCSample", "MVCSample\MVCSample.csproj", "{A7164253-C3A6-4A16-9C2E-8E7AAF797CCD}"
EndProject
Project("{9A19103F-16F7-4668-BE54-9A1E7A4F7556}") = "RazorPagesSample", "RazorPagesSample\RazorPagesSample.csproj", "{8DCD9BDA-2A62-484D-92DC-B75EF7F3129D}"
EndProject
Project("{9A19103F-16F7-4668-BE54-9A1E7A4F7556}") = "SharedLibrary", "SharedLibrary\SharedLibrary.csproj", "{54389F5A-45D5-403B-9381-A1DE6634D64B}"
EndProject
Global
	GlobalSection(SolutionConfigurationPlatforms) = preSolution
		Debug|Any CPU = Debug|Any CPU
		Release|Any CPU = Release|Any CPU
	EndGlobalSection
	GlobalSection(ProjectConfigurationPlatforms) = postSolution
		{A7164253-C3A6-4A16-9C2E-8E7AAF797CCD}.Debug|Any CPU.ActiveCfg = Debug|Any CPU
		{A7164253-C3A6-4A16-9C2E-8E7AAF797CCD}.Debug|Any CPU.Build.0 = Debug|Any CPU
		{A7164253-C3A6-4A16-9C2E-8E7AAF797CCD}.Release|Any CPU.ActiveCfg = Release|Any CPU
		{A7164253-C3A6-4A16-9C2E-8E7AAF797CCD}.Release|Any CPU.Build.0 = Release|Any CPU
		{8DCD9BDA-2A62-484D-92DC-B75EF7F3129D}.Debug|Any CPU.ActiveCfg = Debug|Any CPU
		{8DCD9BDA-2A62-484D-92DC-B75EF7F3129D}.Debug|Any CPU.Build.0 = Debug|Any CPU
		{8DCD9BDA-2A62-484D-92DC-B75EF7F3129D}.Release|Any CPU.ActiveCfg = Release|Any CPU
		{8DCD9BDA-2A62-484D-92DC-B75EF7F3129D}.Release|Any CPU.Build.0 = Release|Any CPU
		{54389F5A-45D5-403B-9381-A1DE6634D64B}.Debug|Any CPU.ActiveCfg = Debug|Any CPU
		{54389F5A-45D5-403B-9381-A1DE6634D64B}.Debug|Any CPU.Build.0 = Debug|Any CPU
		{54389F5A-45D5-403B-9381-A1DE6634D64B}.Release|Any CPU.ActiveCfg = Release|Any CPU
		{54389F5A-45D5-403B-9381-A1DE6634D64B}.Release|Any CPU.Build.0 = Release|Any CPU
	EndGlobalSection
	GlobalSection(SolutionProperties) = preSolution
		HideSolutionNode = FALSE
	EndGlobalSection
	GlobalSection(ExtensibilityGlobals) = postSolution
		SolutionGuid = {8CE7EB65-AA01-4E02-94D6-541C00993E91}
	EndGlobalSection
EndGlobal
